PODS:
  - amap_flutter (0.0.1):
    - AMapNavi
    - Flutter
  - AMapFoundation (1.8.2)
  - AMapNavi (10.1.600):
    - AMapFoundation (>= 1.8.2)
  - Flutter (1.0.0)
  - integration_test (0.0.1):
    - Flutter
  - permission_handler_apple (9.3.0):
    - Flutter

DEPENDENCIES:
  - amap_flutter (from `.symlinks/plugins/amap_flutter/ios`)
  - Flutter (from `Flutter`)
  - integration_test (from `.symlinks/plugins/integration_test/ios`)
  - permission_handler_apple (from `.symlinks/plugins/permission_handler_apple/ios`)

SPEC REPOS:
  trunk:
    - AMapFoundation
    - AMapNavi

EXTERNAL SOURCES:
  amap_flutter:
    :path: ".symlinks/plugins/amap_flutter/ios"
  Flutter:
    :path: Flutter
  integration_test:
    :path: ".symlinks/plugins/integration_test/ios"
  permission_handler_apple:
    :path: ".symlinks/plugins/permission_handler_apple/ios"

SPEC CHECKSUMS:
  amap_flutter: 7a72b55e41cbced389635df589a4ed9a46eeb7b1
  AMapFoundation: 9885c48fc3a78fdfb84a0299a2293e56ea3c9fec
  AMapNavi: 86bc5bd0100d2fb6a705d608c06b7e1299bd4d56
  Flutter: cabc95a1d2626b1b06e7179b784ebcf0c0cde467
  integration_test: 252f60fa39af5e17c3aa9899d35d908a0721b573
  permission_handler_apple: 9878588469a2b0d0fc1e048d9f43605f92e6cec2

PODFILE CHECKSUM: 4f1c12611da7338d21589c0b2ecd6bd20b109694

COCOAPODS: 1.16.2
