PODS:
  - AMapFoundation (1.9.1)
  - AMapLocation (2.12.2):
    - AMapFoundation (>= 1.9.0)
  - AMapNavi (11.2.100):
    - AMapFoundation (>= 1.9.0)
  - AMapSearch (9.8.1):
    - AMapFoundation (>= 1.9.0)
  - Flutter (1.0.0)
  - flutter_amap (2.0.0):
    - AMapLocation (= 2.12.2)
    - AMapNavi (= 11.2.100)
    - AMapSearch (= 9.8.1)
    - Flutter
  - flutter_amap_navi (1.0.0):
    - AMapNavi (= 11.2.100)
    - Flutter

DEPENDENCIES:
  - Flutter (from `Flutter`)
  - flutter_amap (from `.symlinks/plugins/flutter_amap/ios`)
  - flutter_amap_navi (from `.symlinks/plugins/flutter_amap_navi/ios`)

SPEC REPOS:
  trunk:
    - AMapFoundation
    - AMapLocation
    - AMapNavi
    - AMapSearch

EXTERNAL SOURCES:
  Flutter:
    :path: Flutter
  flutter_amap:
    :path: ".symlinks/plugins/flutter_amap/ios"
  flutter_amap_navi:
    :path: ".symlinks/plugins/flutter_amap_navi/ios"

SPEC CHECKSUMS:
  AMapFoundation: 8c511ce0584873bc6febb071365b2bfd62ce4a11
  AMapLocation: 0a44d96a4d9698ecb70560d2cc47d6f49c191ad8
  AMapNavi: c9542d673f6ad5cba7b0aa43701c3b3a3bf3d789
  AMapSearch: bbbaa101ed94f3b51ab3a867d030a5336555138e
  Flutter: 71a624a5bc0c04062bf19101d501e466baf2fb47
  flutter_amap: 7bdd38f2b30d0e11afda84bdb518b19119ecbbac
  flutter_amap_navi: 7c7328d3ade55b3c835eaf0ef66e53f5bf5d3da5

PODFILE CHECKSUM: d95f222344ec5a1e5e20184d30f80014ce26ca44

COCOAPODS: 1.16.2
